
Microsoft Visual Studio Solution File, Format Version 12.00
# Visual Studio Version 17
VisualStudioVersion = 17.7.34202.233
MinimumVisualStudioVersion = 10.0.40219.1
Project("{FAE04EC0-301F-11D3-BF4B-00C04F79EFBC}") = "SinemaUygulamasi", "SinemaUygulamasi\SinemaUygulamasi.csproj", "{8A4D1BA6-18CD-4C92-82C7-1156CB13DA12}"
EndProject
Global
	GlobalSection(SolutionConfigurationPlatforms) = preSolution
		Debug|Any CPU = Debug|Any CPU
		Release|Any CPU = Release|Any CPU
	EndGlobalSection
	GlobalSection(ProjectConfigurationPlatforms) = postSolution
		{8A4D1BA6-18CD-4C92-82C7-1156CB13DA12}.Debug|Any CPU.ActiveCfg = Debug|Any CPU
		{8A4D1BA6-18CD-4C92-82C7-1156CB13DA12}.Debug|Any CPU.Build.0 = Debug|Any CPU
		{8A4D1BA6-18CD-4C92-82C7-1156CB13DA12}.Release|Any CPU.ActiveCfg = Release|Any CPU
		{8A4D1BA6-18CD-4C92-82C7-1156CB13DA12}.Release|Any CPU.Build.0 = Release|Any CPU
	EndGlobalSection
	GlobalSection(SolutionProperties) = preSolution
		HideSolutionNode = FALSE
	EndGlobalSection
	GlobalSection(ExtensibilityGlobals) = postSolution
		SolutionGuid = {850D2791-7CCA-4C34-AF2F-54CBDD3A4513}
	EndGlobalSection
EndGlobal
